
Microsoft Visual Studio Solution File, Format Version 12.00
# Visual Studio Version 17
VisualStudioVersion = 17.13.35825.156 d17.13
MinimumVisualStudioVersion = 10.0.40219.1
Project("{FAE04EC0-301F-11D3-BF4B-00C04F79EFBC}") = "BookSwap", "BookSwap\BookSwap.csproj", "{590E1C2C-1BF1-4FC6-BC62-C4D0DB7BBC62}"
EndProject
Global
	GlobalSection(SolutionConfigurationPlatforms) = preSolution
		Debug|Any CPU = Debug|Any CPU
		Release|Any CPU = Release|Any CPU
	EndGlobalSection
	GlobalSection(ProjectConfigurationPlatforms) = postSolution
		{590E1C2C-1BF1-4FC6-BC62-C4D0DB7BBC62}.Debug|Any CPU.ActiveCfg = Debug|Any CPU
		{590E1C2C-1BF1-4FC6-BC62-C4D0DB7BBC62}.Debug|Any CPU.Build.0 = Debug|Any CPU
		{590E1C2C-1BF1-4FC6-BC62-C4D0DB7BBC62}.Release|Any CPU.ActiveCfg = Release|Any CPU
		{590E1C2C-1BF1-4FC6-BC62-C4D0DB7BBC62}.Release|Any CPU.Build.0 = Release|Any CPU
	EndGlobalSection
	GlobalSection(SolutionProperties) = preSolution
		HideSolutionNode = FALSE
	EndGlobalSection
	GlobalSection(ExtensibilityGlobals) = postSolution
		SolutionGuid = {FF2F705F-5F89-40F1-B3B6-86B80CD5C91A}
	EndGlobalSection
EndGlobal
